
Microsoft Visual Studio Solution File, Format Version 12.00
# Visual Studio Version 17
VisualStudioVersion = 17.11.35222.181
MinimumVisualStudioVersion = 10.0.40219.1
Project("{9A19103F-16F7-4668-BE54-9A1E7A4F7556}") = "JoseBrito_AP1_P1", "JoseBrito_AP1_P1.csproj", "{8124D381-CD5A-47B3-9DF8-CD4AA1AB1AC8}"
EndProject
Global
	GlobalSection(SolutionConfigurationPlatforms) = preSolution
		Debug|Any CPU = Debug|Any CPU
		Release|Any CPU = Release|Any CPU
	EndGlobalSection
	GlobalSection(ProjectConfigurationPlatforms) = postSolution
		{8124D381-CD5A-47B3-9DF8-CD4AA1AB1AC8}.Debug|Any CPU.ActiveCfg = Debug|Any CPU
		{8124D381-CD5A-47B3-9DF8-CD4AA1AB1AC8}.Debug|Any CPU.Build.0 = Debug|Any CPU
		{8124D381-CD5A-47B3-9DF8-CD4AA1AB1AC8}.Release|Any CPU.ActiveCfg = Release|Any CPU
		{8124D381-CD5A-47B3-9DF8-CD4AA1AB1AC8}.Release|Any CPU.Build.0 = Release|Any CPU
	EndGlobalSection
	GlobalSection(SolutionProperties) = preSolution
		HideSolutionNode = FALSE
	EndGlobalSection
	GlobalSection(ExtensibilityGlobals) = postSolution
		SolutionGuid = {6FEF8E25-954A-4312-8585-CF9E33B2D4D1}
	EndGlobalSection
EndGlobal
